{
  "name": "vankatum-benchmarks",
  "lockfileVersion": 3,
  "requires": true,
  "packages": {
    "": {
      "name": "vankatum-benchmarks",
      "dependencies": {
        "hyphenation.hy": "^0.2.1",
        "hyphenopoly": "^6.1.0",
        "hypher": "^0.2.5"
      }
    },
    "node_modules/hyphenation.hy": {
      "version": "0.2.1",
      "resolved": "https://registry.npmjs.org/hyphenation.hy/-/hyphenation.hy-0.2.1.tgz",
      "integrity": "sha512-H+rt6HHX7x1HGJ36pqv8hPQ2f4s9vzjO8iavAPiux/2yVRHKEyz1prLbY7FuF2owaDq/9ui+Ya1+oJf6WRH0Dg==",
      "dependencies": {
        "hypher": "*"
      }
    },
    "node_modules/hyphenopoly": {
      "version": "6.1.0",
      "resolved": "https://registry.npmjs.org/hyphenopoly/-/hyphenopoly-6.1.0.tgz",
      "integrity": "sha512-exXJMFxLaNAHxl5gQ9JSKNak3M4asJpPonHgctniD7d4Ql6Ba1QQaw7tDBzaoJ8Qmpr4QL5Afo98zESBtvQ0qA==",
      "license": "MIT",
      "engines": {
        "node": ">=22"
      }
    },
    "node_modules/hypher": {
      "version": "0.2.5",
      "resolved": "https://registry.npmjs.org/hypher/-/hypher-0.2.5.tgz",
      "integrity": "sha512-kUTpuyzBWWDO2VakmjHC/cxesg4lKQP+Fdc+7lrK4yvjNjkV9vm5UTZMDAwOyyHTOpbkYrAMlNZHG61NnE9vYQ==",
      "license": "BSD-3-Clause"
    }
  }
}
